
Microsoft Visual Studio Solution File, Format Version 12.00
# Visual Studio Version 17
VisualStudioVersion = 17.8.34330.188
MinimumVisualStudioVersion = 10.0.40219.1
Project("{9A19103F-16F7-4668-BE54-9A1E7A4F7556}") = "testImageViewerControl", "testImageViewerControl\testImageViewerControl.csproj", "{DE668922-FB1C-4E23-89C3-C94BB00D9441}"
EndProject
Project("{FAE04EC0-301F-11D3-BF4B-00C04F79EFBC}") = "ActuatorControl", "ActuatorControl\ActuatorControl.csproj", "{7439FEB3-B566-482F-8263-4CE9E28689AD}"
EndProject
Global
	GlobalSection(SolutionConfigurationPlatforms) = preSolution
		Debug|Any CPU = Debug|Any CPU
		Release|Any CPU = Release|Any CPU
	EndGlobalSection
	GlobalSection(ProjectConfigurationPlatforms) = postSolution
		{DE668922-FB1C-4E23-89C3-C94BB00D9441}.Debug|Any CPU.ActiveCfg = Debug|Any CPU
		{DE668922-FB1C-4E23-89C3-C94BB00D9441}.Debug|Any CPU.Build.0 = Debug|Any CPU
		{DE668922-FB1C-4E23-89C3-C94BB00D9441}.Release|Any CPU.ActiveCfg = Release|Any CPU
		{DE668922-FB1C-4E23-89C3-C94BB00D9441}.Release|Any CPU.Build.0 = Release|Any CPU
		{7439FEB3-B566-482F-8263-4CE9E28689AD}.Debug|Any CPU.ActiveCfg = Debug|Any CPU
		{7439FEB3-B566-482F-8263-4CE9E28689AD}.Debug|Any CPU.Build.0 = Debug|Any CPU
		{7439FEB3-B566-482F-8263-4CE9E28689AD}.Release|Any CPU.ActiveCfg = Release|Any CPU
		{7439FEB3-B566-482F-8263-4CE9E28689AD}.Release|Any CPU.Build.0 = Release|Any CPU
	EndGlobalSection
	GlobalSection(SolutionProperties) = preSolution
		HideSolutionNode = FALSE
	EndGlobalSection
	GlobalSection(ExtensibilityGlobals) = postSolution
		SolutionGuid = {CF7EFB1D-BD68-47E9-BB3E-E433EB4F045D}
	EndGlobalSection
EndGlobal
